
Microsoft Visual Studio Solution File, Format Version 12.00
# Visual Studio Version 17
VisualStudioVersion = 17.2.32519.379
MinimumVisualStudioVersion = 10.0.40219.1
Project("{FAE04EC0-301F-11D3-BF4B-00C04F79EFBC}") = "PoC.Paginacao", "PoC.Paginacao\PoC.Paginacao.csproj", "{025523DF-CA88-4330-9B17-EB81572F33D0}"
EndProject
Global
	GlobalSection(SolutionConfigurationPlatforms) = preSolution
		Debug|Any CPU = Debug|Any CPU
		Release|Any CPU = Release|Any CPU
	EndGlobalSection
	GlobalSection(ProjectConfigurationPlatforms) = postSolution
		{025523DF-CA88-4330-9B17-EB81572F33D0}.Debug|Any CPU.ActiveCfg = Debug|Any CPU
		{025523DF-CA88-4330-9B17-EB81572F33D0}.Debug|Any CPU.Build.0 = Debug|Any CPU
		{025523DF-CA88-4330-9B17-EB81572F33D0}.Release|Any CPU.ActiveCfg = Release|Any CPU
		{025523DF-CA88-4330-9B17-EB81572F33D0}.Release|Any CPU.Build.0 = Release|Any CPU
	EndGlobalSection
	GlobalSection(SolutionProperties) = preSolution
		HideSolutionNode = FALSE
	EndGlobalSection
	GlobalSection(ExtensibilityGlobals) = postSolution
		SolutionGuid = {D6203E7A-50E7-40F6-927C-97391D86879C}
	EndGlobalSection
EndGlobal
